
Microsoft Visual Studio Solution File, Format Version 12.00
# Visual Studio Version 17
VisualStudioVersion = 17.11.35327.3
MinimumVisualStudioVersion = 10.0.40219.1
Project("{FAE04EC0-301F-11D3-BF4B-00C04F79EFBC}") = "Ainaz_Zakirov_09421", "Ainaz_Zakirov_09421\Ainaz_Zakirov_09421.csproj", "{94F0B1DA-E398-4BF6-9E0D-3C428E6EF809}"
EndProject
Project("{FAE04EC0-301F-11D3-BF4B-00C04F79EFBC}") = "Ainaz_Zakirov_09-421_lab", "Ainaz_Zakirov_09-421_lab\Ainaz_Zakirov_09-421_lab.csproj", "{10D02CF1-CA5B-4430-A1DD-615CB0054AA6}"
EndProject
Global
	GlobalSection(SolutionConfigurationPlatforms) = preSolution
		Debug|Any CPU = Debug|Any CPU
		Release|Any CPU = Release|Any CPU
	EndGlobalSection
	GlobalSection(ProjectConfigurationPlatforms) = postSolution
		{94F0B1DA-E398-4BF6-9E0D-3C428E6EF809}.Debug|Any CPU.ActiveCfg = Debug|Any CPU
		{94F0B1DA-E398-4BF6-9E0D-3C428E6EF809}.Debug|Any CPU.Build.0 = Debug|Any CPU
		{94F0B1DA-E398-4BF6-9E0D-3C428E6EF809}.Release|Any CPU.ActiveCfg = Release|Any CPU
		{94F0B1DA-E398-4BF6-9E0D-3C428E6EF809}.Release|Any CPU.Build.0 = Release|Any CPU
		{10D02CF1-CA5B-4430-A1DD-615CB0054AA6}.Debug|Any CPU.ActiveCfg = Debug|Any CPU
		{10D02CF1-CA5B-4430-A1DD-615CB0054AA6}.Debug|Any CPU.Build.0 = Debug|Any CPU
		{10D02CF1-CA5B-4430-A1DD-615CB0054AA6}.Release|Any CPU.ActiveCfg = Release|Any CPU
		{10D02CF1-CA5B-4430-A1DD-615CB0054AA6}.Release|Any CPU.Build.0 = Release|Any CPU
	EndGlobalSection
	GlobalSection(SolutionProperties) = preSolution
		HideSolutionNode = FALSE
	EndGlobalSection
	GlobalSection(ExtensibilityGlobals) = postSolution
		SolutionGuid = {C2C6539E-E4C6-4D0B-916D-45AD025BB103}
	EndGlobalSection
EndGlobal
